// !$*UTF8*$!
{
	archiveVersion = 1;
	classes = {
	};
	objectVersion = 55;
	objects = {

/* Begin PBXBuildFile section */
		831288EC2A383FD5009549F0 /* CredentialConfigureFactory.swift in Sources */ = {isa = PBXBuildFile; fileRef = 831288EB2A383FD5009549F0 /* CredentialConfigureFactory.swift */; };
		831288EE2A383FF7009549F0 /* CredentialConfigureCoordinator.swift in Sources */ = {isa = PBXBuildFile; fileRef = 831288ED2A383FF7009549F0 /* CredentialConfigureCoordinator.swift */; };
		831288F02A384014009549F0 /* CredentialConfigureMediatingController.swift in Sources */ = {isa = PBXBuildFile; fileRef = 831288EF2A384014009549F0 /* CredentialConfigureMediatingController.swift */; };
		831288F22A3843D7009549F0 /* CredentialConfigureMediatingController.xib in Resources */ = {isa = PBXBuildFile; fileRef = 831288F12A3843D7009549F0 /* CredentialConfigureMediatingController.xib */; };
		832875822A302467006694FE /* LoginMediatingController.swift in Sources */ = {isa = PBXBuildFile; fileRef = 832875812A302467006694FE /* LoginMediatingController.swift */; };
		832875862A30276B006694FE /* LoginCoordinator.swift in Sources */ = {isa = PBXBuildFile; fileRef = 832875852A30276B006694FE /* LoginCoordinator.swift */; };
		832875882A302839006694FE /* AccountCredentialsCoordinator.swift in Sources */ = {isa = PBXBuildFile; fileRef = 832875872A302839006694FE /* AccountCredentialsCoordinator.swift */; };
		8328758A2A30285C006694FE /* AccountCredentialsFactory.swift in Sources */ = {isa = PBXBuildFile; fileRef = 832875892A30285C006694FE /* AccountCredentialsFactory.swift */; };
		8328758F2A302900006694FE /* LoginFactory.swift in Sources */ = {isa = PBXBuildFile; fileRef = 8328758E2A302900006694FE /* LoginFactory.swift */; };
		832875972A315595006694FE /* AccountCredentialCell.swift in Sources */ = {isa = PBXBuildFile; fileRef = 832875962A315595006694FE /* AccountCredentialCell.swift */; };
		8328759B2A3194F6006694FE /* AccountCredentialsMediatingController.xib in Resources */ = {isa = PBXBuildFile; fileRef = 8328759A2A3194F6006694FE /* AccountCredentialsMediatingController.xib */; };
		8328759F2A319EAC006694FE /* AccountCredentialCell.xib in Resources */ = {isa = PBXBuildFile; fileRef = 8328759E2A319EAC006694FE /* AccountCredentialCell.xib */; };
		832875A22A31A4E8006694FE /* AccountCredentialsManager.swift in Sources */ = {isa = PBXBuildFile; fileRef = 832875A12A31A4E8006694FE /* AccountCredentialsManager.swift */; };
		83AD0FCF2A330834008B3C09 /* Encryptor.swift in Sources */ = {isa = PBXBuildFile; fileRef = 83AD0FCE2A330834008B3C09 /* Encryptor.swift */; };
		83AD0FD32A3309A9008B3C09 /* Converter.swift in Sources */ = {isa = PBXBuildFile; fileRef = 83AD0FD22A3309A9008B3C09 /* Converter.swift */; };
		83AD0FD52A340E92008B3C09 /* AccountCredentialsManagerTests.swift in Sources */ = {isa = PBXBuildFile; fileRef = 83AD0FD42A340E92008B3C09 /* AccountCredentialsManagerTests.swift */; };
		9520B51729DA107900FFD65B /* AppDelegate.swift in Sources */ = {isa = PBXBuildFile; fileRef = 9520B51629DA107900FFD65B /* AppDelegate.swift */; };
		9520B51929DA107900FFD65B /* SceneDelegate.swift in Sources */ = {isa = PBXBuildFile; fileRef = 9520B51829DA107900FFD65B /* SceneDelegate.swift */; };
		9520B51B29DA107900FFD65B /* AccountCredentialsMediatingController.swift in Sources */ = {isa = PBXBuildFile; fileRef = 9520B51A29DA107900FFD65B /* AccountCredentialsMediatingController.swift */; };
		9520B51E29DA107900FFD65B /* Main.storyboard in Resources */ = {isa = PBXBuildFile; fileRef = 9520B51C29DA107900FFD65B /* Main.storyboard */; };
		9520B52029DA107D00FFD65B /* Assets.xcassets in Resources */ = {isa = PBXBuildFile; fileRef = 9520B51F29DA107D00FFD65B /* Assets.xcassets */; };
		9520B52329DA107D00FFD65B /* LaunchScreen.storyboard in Resources */ = {isa = PBXBuildFile; fileRef = 9520B52129DA107D00FFD65B /* LaunchScreen.storyboard */; };
		9520B52E29DA107D00FFD65B /* VaultPass___Password_ManagerTests.swift in Sources */ = {isa = PBXBuildFile; fileRef = 9520B52D29DA107D00FFD65B /* VaultPass___Password_ManagerTests.swift */; };
		9520B53829DA107D00FFD65B /* VaultPass___Password_ManagerUITests.swift in Sources */ = {isa = PBXBuildFile; fileRef = 9520B53729DA107D00FFD65B /* VaultPass___Password_ManagerUITests.swift */; };
		9520B54829DA3A2300FFD65B /* Model.xcdatamodeld in Sources */ = {isa = PBXBuildFile; fileRef = 9520B54629DA3A2300FFD65B /* Model.xcdatamodeld */; };
		9520B54A29DBC04900FFD65B /* AccountCredential.swift in Sources */ = {isa = PBXBuildFile; fileRef = 9520B54929DBC04900FFD65B /* AccountCredential.swift */; };
/* End PBXBuildFile section */

/* Begin PBXContainerItemProxy section */
		9520B52A29DA107D00FFD65B /* PBXContainerItemProxy */ = {
			isa = PBXContainerItemProxy;
			containerPortal = 9520B50B29DA107900FFD65B /* Project object */;
			proxyType = 1;
			remoteGlobalIDString = 9520B51229DA107900FFD65B;
			remoteInfo = "VaultPass - Password Manager";
		};
		9520B53429DA107D00FFD65B /* PBXContainerItemProxy */ = {
			isa = PBXContainerItemProxy;
			containerPortal = 9520B50B29DA107900FFD65B /* Project object */;
			proxyType = 1;
			remoteGlobalIDString = 9520B51229DA107900FFD65B;
			remoteInfo = "VaultPass - Password Manager";
		};
/* End PBXContainerItemProxy section */

/* Begin PBXFileReference section */
		831288EB2A383FD5009549F0 /* CredentialConfigureFactory.swift */ = {isa = PBXFileReference; lastKnownFileType = sourcecode.swift; path = CredentialConfigureFactory.swift; sourceTree = "<group>"; };
		831288ED2A383FF7009549F0 /* CredentialConfigureCoordinator.swift */ = {isa = PBXFileReference; lastKnownFileType = sourcecode.swift; path = CredentialConfigureCoordinator.swift; sourceTree = "<group>"; };
		831288EF2A384014009549F0 /* CredentialConfigureMediatingController.swift */ = {isa = PBXFileReference; lastKnownFileType = sourcecode.swift; path = CredentialConfigureMediatingController.swift; sourceTree = "<group>"; };
		831288F12A3843D7009549F0 /* CredentialConfigureMediatingController.xib */ = {isa = PBXFileReference; lastKnownFileType = file.xib; path = CredentialConfigureMediatingController.xib; sourceTree = "<group>"; };
		832875812A302467006694FE /* LoginMediatingController.swift */ = {isa = PBXFileReference; lastKnownFileType = sourcecode.swift; path = LoginMediatingController.swift; sourceTree = "<group>"; };
		832875852A30276B006694FE /* LoginCoordinator.swift */ = {isa = PBXFileReference; lastKnownFileType = sourcecode.swift; path = LoginCoordinator.swift; sourceTree = "<group>"; };
		832875872A302839006694FE /* AccountCredentialsCoordinator.swift */ = {isa = PBXFileReference; lastKnownFileType = sourcecode.swift; path = AccountCredentialsCoordinator.swift; sourceTree = "<group>"; };
		832875892A30285C006694FE /* AccountCredentialsFactory.swift */ = {isa = PBXFileReference; lastKnownFileType = sourcecode.swift; path = AccountCredentialsFactory.swift; sourceTree = "<group>"; };
		8328758E2A302900006694FE /* LoginFactory.swift */ = {isa = PBXFileReference; lastKnownFileType = sourcecode.swift; path = LoginFactory.swift; sourceTree = "<group>"; };
		832875962A315595006694FE /* AccountCredentialCell.swift */ = {isa = PBXFileReference; lastKnownFileType = sourcecode.swift; path = AccountCredentialCell.swift; sourceTree = "<group>"; };
		8328759A2A3194F6006694FE /* AccountCredentialsMediatingController.xib */ = {isa = PBXFileReference; lastKnownFileType = file.xib; path = AccountCredentialsMediatingController.xib; sourceTree = "<group>"; };
		8328759E2A319EAC006694FE /* AccountCredentialCell.xib */ = {isa = PBXFileReference; lastKnownFileType = file.xib; path = AccountCredentialCell.xib; sourceTree = "<group>"; };
		832875A12A31A4E8006694FE /* AccountCredentialsManager.swift */ = {isa = PBXFileReference; lastKnownFileType = sourcecode.swift; path = AccountCredentialsManager.swift; sourceTree = "<group>"; };
		83AD0FCE2A330834008B3C09 /* Encryptor.swift */ = {isa = PBXFileReference; lastKnownFileType = sourcecode.swift; path = Encryptor.swift; sourceTree = "<group>"; };
		83AD0FD22A3309A9008B3C09 /* Converter.swift */ = {isa = PBXFileReference; lastKnownFileType = sourcecode.swift; path = Converter.swift; sourceTree = "<group>"; };
		83AD0FD42A340E92008B3C09 /* AccountCredentialsManagerTests.swift */ = {isa = PBXFileReference; lastKnownFileType = sourcecode.swift; path = AccountCredentialsManagerTests.swift; sourceTree = "<group>"; };
		9520B51329DA107900FFD65B /* VaultPass - Password Manager.app */ = {isa = PBXFileReference; explicitFileType = wrapper.application; includeInIndex = 0; path = "VaultPass - Password Manager.app"; sourceTree = BUILT_PRODUCTS_DIR; };
		9520B51629DA107900FFD65B /* AppDelegate.swift */ = {isa = PBXFileReference; lastKnownFileType = sourcecode.swift; path = AppDelegate.swift; sourceTree = "<group>"; };
		9520B51829DA107900FFD65B /* SceneDelegate.swift */ = {isa = PBXFileReference; lastKnownFileType = sourcecode.swift; path = SceneDelegate.swift; sourceTree = "<group>"; };
		9520B51A29DA107900FFD65B /* AccountCredentialsMediatingController.swift */ = {isa = PBXFileReference; lastKnownFileType = sourcecode.swift; path = AccountCredentialsMediatingController.swift; sourceTree = "<group>"; };
		9520B51D29DA107900FFD65B /* Base */ = {isa = PBXFileReference; lastKnownFileType = file.storyboard; name = Base; path = Base.lproj/Main.storyboard; sourceTree = "<group>"; };
		9520B51F29DA107D00FFD65B /* Assets.xcassets */ = {isa = PBXFileReference; lastKnownFileType = folder.assetcatalog; path = Assets.xcassets; sourceTree = "<group>"; };
		9520B52229DA107D00FFD65B /* Base */ = {isa = PBXFileReference; lastKnownFileType = file.storyboard; name = Base; path = Base.lproj/LaunchScreen.storyboard; sourceTree = "<group>"; };
		9520B52429DA107D00FFD65B /* Info.plist */ = {isa = PBXFileReference; lastKnownFileType = text.plist.xml; path = Info.plist; sourceTree = "<group>"; };
		9520B52929DA107D00FFD65B /* VaultPass - Password ManagerTests.xctest */ = {isa = PBXFileReference; explicitFileType = wrapper.cfbundle; includeInIndex = 0; path = "VaultPass - Password ManagerTests.xctest"; sourceTree = BUILT_PRODUCTS_DIR; };
		9520B52D29DA107D00FFD65B /* VaultPass___Password_ManagerTests.swift */ = {isa = PBXFileReference; lastKnownFileType = sourcecode.swift; path = "VaultPass___Password_ManagerTests.swift"; sourceTree = "<group>"; };
		9520B53329DA107D00FFD65B /* VaultPass - Password ManagerUITests.xctest */ = {isa = PBXFileReference; explicitFileType = wrapper.cfbundle; includeInIndex = 0; path = "VaultPass - Password ManagerUITests.xctest"; sourceTree = BUILT_PRODUCTS_DIR; };
		9520B53729DA107D00FFD65B /* VaultPass___Password_ManagerUITests.swift */ = {isa = PBXFileReference; lastKnownFileType = sourcecode.swift; path = "VaultPass___Password_ManagerUITests.swift"; sourceTree = "<group>"; };
		9520B54729DA3A2300FFD65B /* Model.xcdatamodel */ = {isa = PBXFileReference; lastKnownFileType = wrapper.xcdatamodel; path = Model.xcdatamodel; sourceTree = "<group>"; };
		9520B54929DBC04900FFD65B /* AccountCredential.swift */ = {isa = PBXFileReference; lastKnownFileType = sourcecode.swift; path = AccountCredential.swift; sourceTree = "<group>"; };
/* End PBXFileReference section */

/* Begin PBXFrameworksBuildPhase section */
		9520B51029DA107900FFD65B /* Frameworks */ = {
			isa = PBXFrameworksBuildPhase;
			buildActionMask = 2147483647;
			files = (
			);
			runOnlyForDeploymentPostprocessing = 0;
		};
		9520B52629DA107D00FFD65B /* Frameworks */ = {
			isa = PBXFrameworksBuildPhase;
			buildActionMask = 2147483647;
			files = (
			);
			runOnlyForDeploymentPostprocessing = 0;
		};
		9520B53029DA107D00FFD65B /* Frameworks */ = {
			isa = PBXFrameworksBuildPhase;
			buildActionMask = 2147483647;
			files = (
			);
			runOnlyForDeploymentPostprocessing = 0;
		};
/* End PBXFrameworksBuildPhase section */

/* Begin PBXGroup section */
		831288EA2A383F32009549F0 /* CredentialConfigure */ = {
			isa = PBXGroup;
			children = (
				831288EB2A383FD5009549F0 /* CredentialConfigureFactory.swift */,
				831288ED2A383FF7009549F0 /* CredentialConfigureCoordinator.swift */,
				831288EF2A384014009549F0 /* CredentialConfigureMediatingController.swift */,
				831288F12A3843D7009549F0 /* CredentialConfigureMediatingController.xib */,
			);
			path = CredentialConfigure;
			sourceTree = "<group>";
		};
		832875802A30244C006694FE /* Login */ = {
			isa = PBXGroup;
			children = (
				8328758E2A302900006694FE /* LoginFactory.swift */,
				832875852A30276B006694FE /* LoginCoordinator.swift */,
				832875812A302467006694FE /* LoginMediatingController.swift */,
			);
			path = Login;
			sourceTree = "<group>";
		};
		832875A02A31A4B5006694FE /* AccountManager */ = {
			isa = PBXGroup;
			children = (
				832875A12A31A4E8006694FE /* AccountCredentialsManager.swift */,
				83AD0FD42A340E92008B3C09 /* AccountCredentialsManagerTests.swift */,
				9520B54929DBC04900FFD65B /* AccountCredential.swift */,
			);
			path = AccountManager;
			sourceTree = "<group>";
		};
		83AD0FCD2A330819008B3C09 /* Utilities */ = {
			isa = PBXGroup;
			children = (
				83AD0FCE2A330834008B3C09 /* Encryptor.swift */,
				83AD0FD22A3309A9008B3C09 /* Converter.swift */,
			);
			path = Utilities;
			sourceTree = "<group>";
		};
		9520B50A29DA107900FFD65B = {
			isa = PBXGroup;
			children = (
				9520B54629DA3A2300FFD65B /* Model.xcdatamodeld */,
				9520B51529DA107900FFD65B /* VaultPass - Password Manager */,
				9520B52C29DA107D00FFD65B /* VaultPass - Password ManagerTests */,
				9520B53629DA107D00FFD65B /* VaultPass - Password ManagerUITests */,
				9520B51429DA107900FFD65B /* Products */,
			);
			sourceTree = "<group>";
		};
		9520B51429DA107900FFD65B /* Products */ = {
			isa = PBXGroup;
			children = (
				9520B51329DA107900FFD65B /* VaultPass - Password Manager.app */,
				9520B52929DA107D00FFD65B /* VaultPass - Password ManagerTests.xctest */,
				9520B53329DA107D00FFD65B /* VaultPass - Password ManagerUITests.xctest */,
			);
			name = Products;
			sourceTree = "<group>";
		};
		9520B51529DA107900FFD65B /* VaultPass - Password Manager */ = {
			isa = PBXGroup;
			children = (
				9520B54C29DBC5F600FFD65B /* Main */,
				83AD0FCD2A330819008B3C09 /* Utilities */,
				832875A02A31A4B5006694FE /* AccountManager */,
				9520B54B29DBC5E800FFD65B /* Modules */,
				9520B51C29DA107900FFD65B /* Main.storyboard */,
				9520B51F29DA107D00FFD65B /* Assets.xcassets */,
				9520B52129DA107D00FFD65B /* LaunchScreen.storyboard */,
				9520B52429DA107D00FFD65B /* Info.plist */,
			);
			path = "VaultPass - Password Manager";
			sourceTree = "<group>";
		};
		9520B52C29DA107D00FFD65B /* VaultPass - Password ManagerTests */ = {
			isa = PBXGroup;
			children = (
				9520B52D29DA107D00FFD65B /* VaultPass___Password_ManagerTests.swift */,
			);
			path = "VaultPass - Password ManagerTests";
			sourceTree = "<group>";
		};
		9520B53629DA107D00FFD65B /* VaultPass - Password ManagerUITests */ = {
			isa = PBXGroup;
			children = (
				9520B53729DA107D00FFD65B /* VaultPass___Password_ManagerUITests.swift */,
			);
			path = "VaultPass - Password ManagerUITests";
			sourceTree = "<group>";
		};
		9520B54B29DBC5E800FFD65B /* Modules */ = {
			isa = PBXGroup;
			children = (
				832875802A30244C006694FE /* Login */,
				9520B54D29DBC62100FFD65B /* AccountCredentialList */,
				831288EA2A383F32009549F0 /* CredentialConfigure */,
			);
			path = Modules;
			sourceTree = "<group>";
		};
		9520B54C29DBC5F600FFD65B /* Main */ = {
			isa = PBXGroup;
			children = (
				9520B51629DA107900FFD65B /* AppDelegate.swift */,
				9520B51829DA107900FFD65B /* SceneDelegate.swift */,
			);
			path = Main;
			sourceTree = "<group>";
		};
		9520B54D29DBC62100FFD65B /* AccountCredentialList */ = {
			isa = PBXGroup;
			children = (
				832875892A30285C006694FE /* AccountCredentialsFactory.swift */,
				832875872A302839006694FE /* AccountCredentialsCoordinator.swift */,
				9520B51A29DA107900FFD65B /* AccountCredentialsMediatingController.swift */,
				8328759A2A3194F6006694FE /* AccountCredentialsMediatingController.xib */,
				832875962A315595006694FE /* AccountCredentialCell.swift */,
				8328759E2A319EAC006694FE /* AccountCredentialCell.xib */,
			);
			path = AccountCredentialList;
			sourceTree = "<group>";
		};
/* End PBXGroup section */

/* Begin PBXNativeTarget section */
		9520B51229DA107900FFD65B /* VaultPass - Password Manager */ = {
			isa = PBXNativeTarget;
			buildConfigurationList = 9520B53D29DA107D00FFD65B /* Build configuration list for PBXNativeTarget "VaultPass - Password Manager" */;
			buildPhases = (
				9520B50F29DA107900FFD65B /* Sources */,
				9520B51029DA107900FFD65B /* Frameworks */,
				9520B51129DA107900FFD65B /* Resources */,
			);
			buildRules = (
			);
			dependencies = (
			);
			name = "VaultPass - Password Manager";
			productName = "VaultPass - Password Manager";
			productReference = 9520B51329DA107900FFD65B /* VaultPass - Password Manager.app */;
			productType = "com.apple.product-type.application";
		};
		9520B52829DA107D00FFD65B /* VaultPass - Password ManagerTests */ = {
			isa = PBXNativeTarget;
			buildConfigurationList = 9520B54029DA107D00FFD65B /* Build configuration list for PBXNativeTarget "VaultPass - Password ManagerTests" */;
			buildPhases = (
				9520B52529DA107D00FFD65B /* Sources */,
				9520B52629DA107D00FFD65B /* Frameworks */,
				9520B52729DA107D00FFD65B /* Resources */,
			);
			buildRules = (
			);
			dependencies = (
				9520B52B29DA107D00FFD65B /* PBXTargetDependency */,
			);
			name = "VaultPass - Password ManagerTests";
			productName = "VaultPass - Password ManagerTests";
			productReference = 9520B52929DA107D00FFD65B /* VaultPass - Password ManagerTests.xctest */;
			productType = "com.apple.product-type.bundle.unit-test";
		};
		9520B53229DA107D00FFD65B /* VaultPass - Password ManagerUITests */ = {
			isa = PBXNativeTarget;
			buildConfigurationList = 9520B54329DA107D00FFD65B /* Build configuration list for PBXNativeTarget "VaultPass - Password ManagerUITests" */;
			buildPhases = (
				9520B52F29DA107D00FFD65B /* Sources */,
				9520B53029DA107D00FFD65B /* Frameworks */,
				9520B53129DA107D00FFD65B /* Resources */,
			);
			buildRules = (
			);
			dependencies = (
				9520B53529DA107D00FFD65B /* PBXTargetDependency */,
			);
			name = "VaultPass - Password ManagerUITests";
			productName = "VaultPass - Password ManagerUITests";
			productReference = 9520B53329DA107D00FFD65B /* VaultPass - Password ManagerUITests.xctest */;
			productType = "com.apple.product-type.bundle.ui-testing";
		};
/* End PBXNativeTarget section */

/* Begin PBXProject section */
		9520B50B29DA107900FFD65B /* Project object */ = {
			isa = PBXProject;
			attributes = {
				BuildIndependentTargetsInParallel = 1;
				LastSwiftUpdateCheck = 1320;
				LastUpgradeCheck = 1320;
				TargetAttributes = {
					9520B51229DA107900FFD65B = {
						CreatedOnToolsVersion = 13.2.1;
					};
					9520B52829DA107D00FFD65B = {
						CreatedOnToolsVersion = 13.2.1;
						TestTargetID = 9520B51229DA107900FFD65B;
					};
					9520B53229DA107D00FFD65B = {
						CreatedOnToolsVersion = 13.2.1;
						TestTargetID = 9520B51229DA107900FFD65B;
					};
				};
			};
			buildConfigurationList = 9520B50E29DA107900FFD65B /* Build configuration list for PBXProject "VaultPass - Password Manager" */;
			compatibilityVersion = "Xcode 13.0";
			developmentRegion = en;
			hasScannedForEncodings = 0;
			knownRegions = (
				en,
				Base,
			);
			mainGroup = 9520B50A29DA107900FFD65B;
			productRefGroup = 9520B51429DA107900FFD65B /* Products */;
			projectDirPath = "";
			projectRoot = "";
			targets = (
				9520B51229DA107900FFD65B /* VaultPass - Password Manager */,
				9520B52829DA107D00FFD65B /* VaultPass - Password ManagerTests */,
				9520B53229DA107D00FFD65B /* VaultPass - Password ManagerUITests */,
			);
		};
/* End PBXProject section */

/* Begin PBXResourcesBuildPhase section */
		9520B51129DA107900FFD65B /* Resources */ = {
			isa = PBXResourcesBuildPhase;
			buildActionMask = 2147483647;
			files = (
				831288F22A3843D7009549F0 /* CredentialConfigureMediatingController.xib in Resources */,
				8328759F2A319EAC006694FE /* AccountCredentialCell.xib in Resources */,
				9520B52329DA107D00FFD65B /* LaunchScreen.storyboard in Resources */,
				9520B52029DA107D00FFD65B /* Assets.xcassets in Resources */,
				9520B51E29DA107900FFD65B /* Main.storyboard in Resources */,
				8328759B2A3194F6006694FE /* AccountCredentialsMediatingController.xib in Resources */,
			);
			runOnlyForDeploymentPostprocessing = 0;
		};
		9520B52729DA107D00FFD65B /* Resources */ = {
			isa = PBXResourcesBuildPhase;
			buildActionMask = 2147483647;
			files = (
			);
			runOnlyForDeploymentPostprocessing = 0;
		};
		9520B53129DA107D00FFD65B /* Resources */ = {
			isa = PBXResourcesBuildPhase;
			buildActionMask = 2147483647;
			files = (
			);
			runOnlyForDeploymentPostprocessing = 0;
		};
/* End PBXResourcesBuildPhase section */

/* Begin PBXSourcesBuildPhase section */
		9520B50F29DA107900FFD65B /* Sources */ = {
			isa = PBXSourcesBuildPhase;
			buildActionMask = 2147483647;
			files = (
				831288EE2A383FF7009549F0 /* CredentialConfigureCoordinator.swift in Sources */,
				831288EC2A383FD5009549F0 /* CredentialConfigureFactory.swift in Sources */,
				9520B54A29DBC04900FFD65B /* AccountCredential.swift in Sources */,
				9520B51B29DA107900FFD65B /* AccountCredentialsMediatingController.swift in Sources */,
				832875862A30276B006694FE /* LoginCoordinator.swift in Sources */,
				83AD0FCF2A330834008B3C09 /* Encryptor.swift in Sources */,
				83AD0FD32A3309A9008B3C09 /* Converter.swift in Sources */,
				8328758F2A302900006694FE /* LoginFactory.swift in Sources */,
				832875972A315595006694FE /* AccountCredentialCell.swift in Sources */,
				9520B51729DA107900FFD65B /* AppDelegate.swift in Sources */,
				9520B51929DA107900FFD65B /* SceneDelegate.swift in Sources */,
				832875882A302839006694FE /* AccountCredentialsCoordinator.swift in Sources */,
				832875A22A31A4E8006694FE /* AccountCredentialsManager.swift in Sources */,
				831288F02A384014009549F0 /* CredentialConfigureMediatingController.swift in Sources */,
				832875822A302467006694FE /* LoginMediatingController.swift in Sources */,
				8328758A2A30285C006694FE /* AccountCredentialsFactory.swift in Sources */,
				9520B54829DA3A2300FFD65B /* Model.xcdatamodeld in Sources */,
			);
			runOnlyForDeploymentPostprocessing = 0;
		};
		9520B52529DA107D00FFD65B /* Sources */ = {
			isa = PBXSourcesBuildPhase;
			buildActionMask = 2147483647;
			files = (
				83AD0FD52A340E92008B3C09 /* AccountCredentialsManagerTests.swift in Sources */,
				9520B52E29DA107D00FFD65B /* VaultPass___Password_ManagerTests.swift in Sources */,
			);
			runOnlyForDeploymentPostprocessing = 0;
		};
		9520B52F29DA107D00FFD65B /* Sources */ = {
			isa = PBXSourcesBuildPhase;
			buildActionMask = 2147483647;
			files = (
				9520B53829DA107D00FFD65B /* VaultPass___Password_ManagerUITests.swift in Sources */,
			);
			runOnlyForDeploymentPostprocessing = 0;
		};
/* End PBXSourcesBuildPhase section */

/* Begin PBXTargetDependency section */
		9520B52B29DA107D00FFD65B /* PBXTargetDependency */ = {
			isa = PBXTargetDependency;
			target = 9520B51229DA107900FFD65B /* VaultPass - Password Manager */;
			targetProxy = 9520B52A29DA107D00FFD65B /* PBXContainerItemProxy */;
		};
		9520B53529DA107D00FFD65B /* PBXTargetDependency */ = {
			isa = PBXTargetDependency;
			target = 9520B51229DA107900FFD65B /* VaultPass - Password Manager */;
			targetProxy = 9520B53429DA107D00FFD65B /* PBXContainerItemProxy */;
		};
/* End PBXTargetDependency section */

/* Begin PBXVariantGroup section */
		9520B51C29DA107900FFD65B /* Main.storyboard */ = {
			isa = PBXVariantGroup;
			children = (
				9520B51D29DA107900FFD65B /* Base */,
			);
			name = Main.storyboard;
			sourceTree = "<group>";
		};
		9520B52129DA107D00FFD65B /* LaunchScreen.storyboard */ = {
			isa = PBXVariantGroup;
			children = (
				9520B52229DA107D00FFD65B /* Base */,
			);
			name = LaunchScreen.storyboard;
			sourceTree = "<group>";
		};
/* End PBXVariantGroup section */

/* Begin XCBuildConfiguration section */
		9520B53B29DA107D00FFD65B /* Debug */ = {
			isa = XCBuildConfiguration;
			buildSettings = {
				ALWAYS_SEARCH_USER_PATHS = NO;
				CLANG_ANALYZER_NONNULL = YES;
				CLANG_ANALYZER_NUMBER_OBJECT_CONVERSION = YES_AGGRESSIVE;
				CLANG_CXX_LANGUAGE_STANDARD = "gnu++17";
				CLANG_CXX_LIBRARY = "libc++";
				CLANG_ENABLE_MODULES = YES;
				CLANG_ENABLE_OBJC_ARC = YES;
				CLANG_ENABLE_OBJC_WEAK = YES;
				CLANG_WARN_BLOCK_CAPTURE_AUTORELEASING = YES;
				CLANG_WARN_BOOL_CONVERSION = YES;
				CLANG_WARN_COMMA = YES;
				CLANG_WARN_CONSTANT_CONVERSION = YES;
				CLANG_WARN_DEPRECATED_OBJC_IMPLEMENTATIONS = YES;
				CLANG_WARN_DIRECT_OBJC_ISA_USAGE = YES_ERROR;
				CLANG_WARN_DOCUMENTATION_COMMENTS = YES;
				CLANG_WARN_EMPTY_BODY = YES;
				CLANG_WARN_ENUM_CONVERSION = YES;
				CLANG_WARN_INFINITE_RECURSION = YES;
				CLANG_WARN_INT_CONVERSION = YES;
				CLANG_WARN_NON_LITERAL_NULL_CONVERSION = YES;
				CLANG_WARN_OBJC_IMPLICIT_RETAIN_SELF = YES;
				CLANG_WARN_OBJC_LITERAL_CONVERSION = YES;
				CLANG_WARN_OBJC_ROOT_CLASS = YES_ERROR;
				CLANG_WARN_QUOTED_INCLUDE_IN_FRAMEWORK_HEADER = YES;
				CLANG_WARN_RANGE_LOOP_ANALYSIS = YES;
				CLANG_WARN_STRICT_PROTOTYPES = YES;
				CLANG_WARN_SUSPICIOUS_MOVE = YES;
				CLANG_WARN_UNGUARDED_AVAILABILITY = YES_AGGRESSIVE;
				CLANG_WARN_UNREACHABLE_CODE = YES;
				CLANG_WARN__DUPLICATE_METHOD_MATCH = YES;
				COPY_PHASE_STRIP = NO;
				DEBUG_INFORMATION_FORMAT = dwarf;
				ENABLE_STRICT_OBJC_MSGSEND = YES;
				ENABLE_TESTABILITY = YES;
				GCC_C_LANGUAGE_STANDARD = gnu11;
				GCC_DYNAMIC_NO_PIC = NO;
				GCC_NO_COMMON_BLOCKS = YES;
				GCC_OPTIMIZATION_LEVEL = 0;
				GCC_PREPROCESSOR_DEFINITIONS = (
					"DEBUG=1",
					"$(inherited)",
				);
				GCC_WARN_64_TO_32_BIT_CONVERSION = YES;
				GCC_WARN_ABOUT_RETURN_TYPE = YES_ERROR;
				GCC_WARN_UNDECLARED_SELECTOR = YES;
				GCC_WARN_UNINITIALIZED_AUTOS = YES_AGGRESSIVE;
				GCC_WARN_UNUSED_FUNCTION = YES;
				GCC_WARN_UNUSED_VARIABLE = YES;
				IPHONEOS_DEPLOYMENT_TARGET = 15.2;
				MTL_ENABLE_DEBUG_INFO = INCLUDE_SOURCE;
				MTL_FAST_MATH = YES;
				ONLY_ACTIVE_ARCH = YES;
				SDKROOT = iphoneos;
				SWIFT_ACTIVE_COMPILATION_CONDITIONS = DEBUG;
				SWIFT_OPTIMIZATION_LEVEL = "-Onone";
			};
			name = Debug;
		};
		9520B53C29DA107D00FFD65B /* Release */ = {
			isa = XCBuildConfiguration;
			buildSettings = {
				ALWAYS_SEARCH_USER_PATHS = NO;
				CLANG_ANALYZER_NONNULL = YES;
				CLANG_ANALYZER_NUMBER_OBJECT_CONVERSION = YES_AGGRESSIVE;
				CLANG_CXX_LANGUAGE_STANDARD = "gnu++17";
				CLANG_CXX_LIBRARY = "libc++";
				CLANG_ENABLE_MODULES = YES;
				CLANG_ENABLE_OBJC_ARC = YES;
				CLANG_ENABLE_OBJC_WEAK = YES;
				CLANG_WARN_BLOCK_CAPTURE_AUTORELEASING = YES;
				CLANG_WARN_BOOL_CONVERSION = YES;
				CLANG_WARN_COMMA = YES;
				CLANG_WARN_CONSTANT_CONVERSION = YES;
				CLANG_WARN_DEPRECATED_OBJC_IMPLEMENTATIONS = YES;
				CLANG_WARN_DIRECT_OBJC_ISA_USAGE = YES_ERROR;
				CLANG_WARN_DOCUMENTATION_COMMENTS = YES;
				CLANG_WARN_EMPTY_BODY = YES;
				CLANG_WARN_ENUM_CONVERSION = YES;
				CLANG_WARN_INFINITE_RECURSION = YES;
				CLANG_WARN_INT_CONVERSION = YES;
				CLANG_WARN_NON_LITERAL_NULL_CONVERSION = YES;
				CLANG_WARN_OBJC_IMPLICIT_RETAIN_SELF = YES;
				CLANG_WARN_OBJC_LITERAL_CONVERSION = YES;
				CLANG_WARN_OBJC_ROOT_CLASS = YES_ERROR;
				CLANG_WARN_QUOTED_INCLUDE_IN_FRAMEWORK_HEADER = YES;
				CLANG_WARN_RANGE_LOOP_ANALYSIS = YES;
				CLANG_WARN_STRICT_PROTOTYPES = YES;
				CLANG_WARN_SUSPICIOUS_MOVE = YES;
				CLANG_WARN_UNGUARDED_AVAILABILITY = YES_AGGRESSIVE;
				CLANG_WARN_UNREACHABLE_CODE = YES;
				CLANG_WARN__DUPLICATE_METHOD_MATCH = YES;
				COPY_PHASE_STRIP = NO;
				DEBUG_INFORMATION_FORMAT = "dwarf-with-dsym";
				ENABLE_NS_ASSERTIONS = NO;
				ENABLE_STRICT_OBJC_MSGSEND = YES;
				GCC_C_LANGUAGE_STANDARD = gnu11;
				GCC_NO_COMMON_BLOCKS = YES;
				GCC_WARN_64_TO_32_BIT_CONVERSION = YES;
				GCC_WARN_ABOUT_RETURN_TYPE = YES_ERROR;
				GCC_WARN_UNDECLARED_SELECTOR = YES;
				GCC_WARN_UNINITIALIZED_AUTOS = YES_AGGRESSIVE;
				GCC_WARN_UNUSED_FUNCTION = YES;
				GCC_WARN_UNUSED_VARIABLE = YES;
				IPHONEOS_DEPLOYMENT_TARGET = 15.2;
				MTL_ENABLE_DEBUG_INFO = NO;
				MTL_FAST_MATH = YES;
				SDKROOT = iphoneos;
				SWIFT_COMPILATION_MODE = wholemodule;
				SWIFT_OPTIMIZATION_LEVEL = "-O";
				VALIDATE_PRODUCT = YES;
			};
			name = Release;
		};
		9520B53E29DA107D00FFD65B /* Debug */ = {
			isa = XCBuildConfiguration;
			buildSettings = {
				ASSETCATALOG_COMPILER_APPICON_NAME = AppIcon;
				ASSETCATALOG_COMPILER_GLOBAL_ACCENT_COLOR_NAME = AccentColor;
				CODE_SIGN_STYLE = Automatic;
				CURRENT_PROJECT_VERSION = 1;
				DEVELOPMENT_TEAM = BW3C2GGWGE;
				GENERATE_INFOPLIST_FILE = YES;
				INFOPLIST_FILE = "VaultPass - Password Manager/Info.plist";
				INFOPLIST_KEY_UIApplicationSupportsIndirectInputEvents = YES;
				INFOPLIST_KEY_UILaunchStoryboardName = LaunchScreen;
				INFOPLIST_KEY_UIMainStoryboardFile = Main;
				INFOPLIST_KEY_UISupportedInterfaceOrientations = UIInterfaceOrientationPortrait;
				INFOPLIST_KEY_UISupportedInterfaceOrientations_iPad = "UIInterfaceOrientationPortrait UIInterfaceOrientationPortraitUpsideDown UIInterfaceOrientationLandscapeLeft UIInterfaceOrientationLandscapeRight";
				INFOPLIST_KEY_UISupportedInterfaceOrientations_iPhone = "UIInterfaceOrientationPortrait UIInterfaceOrientationLandscapeLeft UIInterfaceOrientationLandscapeRight";
				LD_RUNPATH_SEARCH_PATHS = (
					"$(inherited)",
					"@executable_path/Frameworks",
				);
				MARKETING_VERSION = 1.0;
				PRODUCT_BUNDLE_IDENTIFIER = "com.IronHacker.VaultPass---Password-Manager";
				PRODUCT_NAME = "$(TARGET_NAME)";
				SWIFT_EMIT_LOC_STRINGS = YES;
				SWIFT_VERSION = 5.0;
				TARGETED_DEVICE_FAMILY = 1;
			};
			name = Debug;
		};
		9520B53F29DA107D00FFD65B /* Release */ = {
			isa = XCBuildConfiguration;
			buildSettings = {
				ASSETCATALOG_COMPILER_APPICON_NAME = AppIcon;
				ASSETCATALOG_COMPILER_GLOBAL_ACCENT_COLOR_NAME = AccentColor;
				CODE_SIGN_STYLE = Automatic;
				CURRENT_PROJECT_VERSION = 1;
				DEVELOPMENT_TEAM = BW3C2GGWGE;
				GENERATE_INFOPLIST_FILE = YES;
				INFOPLIST_FILE = "VaultPass - Password Manager/Info.plist";
				INFOPLIST_KEY_UIApplicationSupportsIndirectInputEvents = YES;
				INFOPLIST_KEY_UILaunchStoryboardName = LaunchScreen;
				INFOPLIST_KEY_UIMainStoryboardFile = Main;
				INFOPLIST_KEY_UISupportedInterfaceOrientations = UIInterfaceOrientationPortrait;
				INFOPLIST_KEY_UISupportedInterfaceOrientations_iPad = "UIInterfaceOrientationPortrait UIInterfaceOrientationPortraitUpsideDown UIInterfaceOrientationLandscapeLeft UIInterfaceOrientationLandscapeRight";
				INFOPLIST_KEY_UISupportedInterfaceOrientations_iPhone = "UIInterfaceOrientationPortrait UIInterfaceOrientationLandscapeLeft UIInterfaceOrientationLandscapeRight";
				LD_RUNPATH_SEARCH_PATHS = (
					"$(inherited)",
					"@executable_path/Frameworks",
				);
				MARKETING_VERSION = 1.0;
				PRODUCT_BUNDLE_IDENTIFIER = "com.IronHacker.VaultPass---Password-Manager";
				PRODUCT_NAME = "$(TARGET_NAME)";
				SWIFT_EMIT_LOC_STRINGS = YES;
				SWIFT_VERSION = 5.0;
				TARGETED_DEVICE_FAMILY = 1;
			};
			name = Release;
		};
		9520B54129DA107D00FFD65B /* Debug */ = {
			isa = XCBuildConfiguration;
			buildSettings = {
				ALWAYS_EMBED_SWIFT_STANDARD_LIBRARIES = YES;
				BUNDLE_LOADER = "$(TEST_HOST)";
				CODE_SIGN_STYLE = Automatic;
				CURRENT_PROJECT_VERSION = 1;
				DEVELOPMENT_TEAM = BW3C2GGWGE;
				GENERATE_INFOPLIST_FILE = YES;
				IPHONEOS_DEPLOYMENT_TARGET = 15.2;
				MARKETING_VERSION = 1.0;
				PRODUCT_BUNDLE_IDENTIFIER = "com.IronHacker.VaultPass---Password-ManagerTests";
				PRODUCT_NAME = "$(TARGET_NAME)";
				SWIFT_EMIT_LOC_STRINGS = NO;
				SWIFT_VERSION = 5.0;
				TARGETED_DEVICE_FAMILY = "1,2";
				TEST_HOST = "$(BUILT_PRODUCTS_DIR)/VaultPass - Password Manager.app/VaultPass - Password Manager";
			};
			name = Debug;
		};
		9520B54229DA107D00FFD65B /* Release */ = {
			isa = XCBuildConfiguration;
			buildSettings = {
				ALWAYS_EMBED_SWIFT_STANDARD_LIBRARIES = YES;
				BUNDLE_LOADER = "$(TEST_HOST)";
				CODE_SIGN_STYLE = Automatic;
				CURRENT_PROJECT_VERSION = 1;
				DEVELOPMENT_TEAM = BW3C2GGWGE;
				GENERATE_INFOPLIST_FILE = YES;
				IPHONEOS_DEPLOYMENT_TARGET = 15.2;
				MARKETING_VERSION = 1.0;
				PRODUCT_BUNDLE_IDENTIFIER = "com.IronHacker.VaultPass---Password-ManagerTests";
				PRODUCT_NAME = "$(TARGET_NAME)";
				SWIFT_EMIT_LOC_STRINGS = NO;
				SWIFT_VERSION = 5.0;
				TARGETED_DEVICE_FAMILY = "1,2";
				TEST_HOST = "$(BUILT_PRODUCTS_DIR)/VaultPass - Password Manager.app/VaultPass - Password Manager";
			};
			name = Release;
		};
		9520B54429DA107D00FFD65B /* Debug */ = {
			isa = XCBuildConfiguration;
			buildSettings = {
				ALWAYS_EMBED_SWIFT_STANDARD_LIBRARIES = YES;
				CODE_SIGN_STYLE = Automatic;
				CURRENT_PROJECT_VERSION = 1;
				DEVELOPMENT_TEAM = BW3C2GGWGE;
				GENERATE_INFOPLIST_FILE = YES;
				MARKETING_VERSION = 1.0;
				PRODUCT_BUNDLE_IDENTIFIER = "com.IronHacker.VaultPass---Password-ManagerUITests";
				PRODUCT_NAME = "$(TARGET_NAME)";
				SWIFT_EMIT_LOC_STRINGS = NO;
				SWIFT_VERSION = 5.0;
				TARGETED_DEVICE_FAMILY = "1,2";
				TEST_TARGET_NAME = "VaultPass - Password Manager";
			};
			name = Debug;
		};
		9520B54529DA107D00FFD65B /* Release */ = {
			isa = XCBuildConfiguration;
			buildSettings = {
				ALWAYS_EMBED_SWIFT_STANDARD_LIBRARIES = YES;
				CODE_SIGN_STYLE = Automatic;
				CURRENT_PROJECT_VERSION = 1;
				DEVELOPMENT_TEAM = BW3C2GGWGE;
				GENERATE_INFOPLIST_FILE = YES;
				MARKETING_VERSION = 1.0;
				PRODUCT_BUNDLE_IDENTIFIER = "com.IronHacker.VaultPass---Password-ManagerUITests";
				PRODUCT_NAME = "$(TARGET_NAME)";
				SWIFT_EMIT_LOC_STRINGS = NO;
				SWIFT_VERSION = 5.0;
				TARGETED_DEVICE_FAMILY = "1,2";
				TEST_TARGET_NAME = "VaultPass - Password Manager";
			};
			name = Release;
		};
/* End XCBuildConfiguration section */

/* Begin XCConfigurationList section */
		9520B50E29DA107900FFD65B /* Build configuration list for PBXProject "VaultPass - Password Manager" */ = {
			isa = XCConfigurationList;
			buildConfigurations = (
				9520B53B29DA107D00FFD65B /* Debug */,
				9520B53C29DA107D00FFD65B /* Release */,
			);
			defaultConfigurationIsVisible = 0;
			defaultConfigurationName = Release;
		};
		9520B53D29DA107D00FFD65B /* Build configuration list for PBXNativeTarget "VaultPass - Password Manager" */ = {
			isa = XCConfigurationList;
			buildConfigurations = (
				9520B53E29DA107D00FFD65B /* Debug */,
				9520B53F29DA107D00FFD65B /* Release */,
			);
			defaultConfigurationIsVisible = 0;
			defaultConfigurationName = Release;
		};
		9520B54029DA107D00FFD65B /* Build configuration list for PBXNativeTarget "VaultPass - Password ManagerTests" */ = {
			isa = XCConfigurationList;
			buildConfigurations = (
				9520B54129DA107D00FFD65B /* Debug */,
				9520B54229DA107D00FFD65B /* Release */,
			);
			defaultConfigurationIsVisible = 0;
			defaultConfigurationName = Release;
		};
		9520B54329DA107D00FFD65B /* Build configuration list for PBXNativeTarget "VaultPass - Password ManagerUITests" */ = {
			isa = XCConfigurationList;
			buildConfigurations = (
				9520B54429DA107D00FFD65B /* Debug */,
				9520B54529DA107D00FFD65B /* Release */,
			);
			defaultConfigurationIsVisible = 0;
			defaultConfigurationName = Release;
		};
/* End XCConfigurationList section */

/* Begin XCVersionGroup section */
		9520B54629DA3A2300FFD65B /* Model.xcdatamodeld */ = {
			isa = XCVersionGroup;
			children = (
				9520B54729DA3A2300FFD65B /* Model.xcdatamodel */,
			);
			currentVersion = 9520B54729DA3A2300FFD65B /* Model.xcdatamodel */;
			path = Model.xcdatamodeld;
			sourceTree = "<group>";
			versionGroupType = wrapper.xcdatamodel;
		};
/* End XCVersionGroup section */
	};
	rootObject = 9520B50B29DA107900FFD65B /* Project object */;
}
